Microsoft Visual Studio Solution File, Format Version 9.00
#MonoDevelop
Project("{FAE04EC0-301F-11D3-BF4B-00C04F79EFBC}") = "ftdi-cil", "ftdi-cil.csproj", "{C495D631-4E51-4D41-859F-B7CC882408FA}"
EndProject
Project("{FAE04EC0-301F-11D3-BF4B-00C04F79EFBC}") = "ftdi-test", "ftdi-test.csproj", "{1DF42224-FE39-4238-B773-18B774E35A25}"
EndProject
Global
	GlobalSection(SolutionConfigurationPlatforms) = preSolution
		Debug|Any CPU = Debug|Any CPU
		Release|Any CPU = Release|Any CPU
	EndGlobalSection
	GlobalSection(ProjectConfigurationPlatforms) = postSolution
		{1DF42224-FE39-4238-B773-18B774E35A25}.Debug|Any CPU.ActiveCfg = Debug|Any CPU
		{1DF42224-FE39-4238-B773-18B774E35A25}.Debug|Any CPU.Build.0 = Debug|Any CPU
		{1DF42224-FE39-4238-B773-18B774E35A25}.Release|Any CPU.ActiveCfg = Release|Any CPU
		{1DF42224-FE39-4238-B773-18B774E35A25}.Release|Any CPU.Build.0 = Release|Any CPU
		{C495D631-4E51-4D41-859F-B7CC882408FA}.Debug|Any CPU.ActiveCfg = Debug|Any CPU
		{C495D631-4E51-4D41-859F-B7CC882408FA}.Debug|Any CPU.Build.0 = Debug|Any CPU
		{C495D631-4E51-4D41-859F-B7CC882408FA}.Release|Any CPU.ActiveCfg = Release|Any CPU
		{C495D631-4E51-4D41-859F-B7CC882408FA}.Release|Any CPU.Build.0 = Release|Any CPU
	EndGlobalSection
	GlobalSection(NestedProjects) = preSolution
	EndGlobalSection
EndGlobal
